{
  "name": "delatin-rs",
  "lockfileVersion": 3,
  "requires": true,
  "packages": {
    "": {
      "dependencies": {
        "delatin": "^0.2.0"
      },
      "devDependencies": {}
    },
    "node_modules/delatin": {
      "version": "0.2.0",
      "resolved": "https://registry.npmjs.org/delatin/-/delatin-0.2.0.tgz",
      "integrity": "sha512-HvDx6I5Jju/mqFp58/qeSL1wx6rYxsLWpWVSCQvL1Ps8MhVlttwm+Ohl38dUSTN439uxag//vXJm09PqFz+/Og==",
      "license": "ISC"
    }
  }
}
